
Microsoft Visual Studio Solution File, Format Version 12.00
# Visual Studio 14
VisualStudioVersion = 14.0.23107.0
MinimumVisualStudioVersion = 10.0.40219.1
Project("{FAE04EC0-301F-11D3-BF4B-00C04F79EFBC}") = "GRCweb1", "GRCweb1\GRCweb1.csproj", "{EBF7E13E-3796-4802-8A3D-186E68A1E567}"
EndProject
Project("{FAE04EC0-301F-11D3-BF4B-00C04F79EFBC}") = "Domain", "Domain\Domain.csproj", "{EB796D78-324C-47CD-A816-E6F7E4951987}"
EndProject
Project("{FAE04EC0-301F-11D3-BF4B-00C04F79EFBC}") = "DataAccessLayer", "DataAccessLayer\DataAccessLayer.csproj", "{7730AAE9-DFA6-45A7-AFAA-11CE21A42B5A}"
EndProject
Project("{FAE04EC0-301F-11D3-BF4B-00C04F79EFBC}") = "BusinessFacade", "BusinessFacade\BusinessFacade.csproj", "{4E645A81-518F-441B-9CAE-030DCC8AC7F1}"
EndProject
Project("{FAE04EC0-301F-11D3-BF4B-00C04F79EFBC}") = "Factory", "Factory\Factory.csproj", "{9E3A711E-12EB-40AF-8637-CAB28305425C}"
EndProject
Project("{FAE04EC0-301F-11D3-BF4B-00C04F79EFBC}") = "Cogs", "Cogs\Cogs.csproj", "{4355E33B-9822-4548-A27F-0D1B297ADB31}"
EndProject
Project("{FAE04EC0-301F-11D3-BF4B-00C04F79EFBC}") = "ZetroPDFViewer", "ZetroPDFViewer\ZetroPDFViewer.csproj", "{6EBA6FF4-834D-4077-AFB5-9214A49E96B3}"
EndProject
Global
	GlobalSection(SolutionConfigurationPlatforms) = preSolution
		Debug|Any CPU = Debug|Any CPU
		Debug|x64 = Debug|x64
		Release|Any CPU = Release|Any CPU
		Release|x64 = Release|x64
	EndGlobalSection
	GlobalSection(ProjectConfigurationPlatforms) = postSolution
		{EBF7E13E-3796-4802-8A3D-186E68A1E567}.Debug|Any CPU.ActiveCfg = Debug|Any CPU
		{EBF7E13E-3796-4802-8A3D-186E68A1E567}.Debug|Any CPU.Build.0 = Debug|Any CPU
		{EBF7E13E-3796-4802-8A3D-186E68A1E567}.Debug|x64.ActiveCfg = Debug|Any CPU
		{EBF7E13E-3796-4802-8A3D-186E68A1E567}.Debug|x64.Build.0 = Debug|Any CPU
		{EBF7E13E-3796-4802-8A3D-186E68A1E567}.Release|Any CPU.ActiveCfg = Release|Any CPU
		{EBF7E13E-3796-4802-8A3D-186E68A1E567}.Release|Any CPU.Build.0 = Release|Any CPU
		{EBF7E13E-3796-4802-8A3D-186E68A1E567}.Release|x64.ActiveCfg = Release|Any CPU
		{EBF7E13E-3796-4802-8A3D-186E68A1E567}.Release|x64.Build.0 = Release|Any CPU
		{EB796D78-324C-47CD-A816-E6F7E4951987}.Debug|Any CPU.ActiveCfg = Debug|Any CPU
		{EB796D78-324C-47CD-A816-E6F7E4951987}.Debug|Any CPU.Build.0 = Debug|Any CPU
		{EB796D78-324C-47CD-A816-E6F7E4951987}.Debug|x64.ActiveCfg = Debug|Any CPU
		{EB796D78-324C-47CD-A816-E6F7E4951987}.Debug|x64.Build.0 = Debug|Any CPU
		{EB796D78-324C-47CD-A816-E6F7E4951987}.Release|Any CPU.ActiveCfg = Release|Any CPU
		{EB796D78-324C-47CD-A816-E6F7E4951987}.Release|Any CPU.Build.0 = Release|Any CPU
		{EB796D78-324C-47CD-A816-E6F7E4951987}.Release|x64.ActiveCfg = Release|Any CPU
		{EB796D78-324C-47CD-A816-E6F7E4951987}.Release|x64.Build.0 = Release|Any CPU
		{7730AAE9-DFA6-45A7-AFAA-11CE21A42B5A}.Debug|Any CPU.ActiveCfg = Debug|Any CPU
		{7730AAE9-DFA6-45A7-AFAA-11CE21A42B5A}.Debug|Any CPU.Build.0 = Debug|Any CPU
		{7730AAE9-DFA6-45A7-AFAA-11CE21A42B5A}.Debug|x64.ActiveCfg = Debug|Any CPU
		{7730AAE9-DFA6-45A7-AFAA-11CE21A42B5A}.Debug|x64.Build.0 = Debug|Any CPU
		{7730AAE9-DFA6-45A7-AFAA-11CE21A42B5A}.Release|Any CPU.ActiveCfg = Release|Any CPU
		{7730AAE9-DFA6-45A7-AFAA-11CE21A42B5A}.Release|Any CPU.Build.0 = Release|Any CPU
		{7730AAE9-DFA6-45A7-AFAA-11CE21A42B5A}.Release|x64.ActiveCfg = Release|Any CPU
		{7730AAE9-DFA6-45A7-AFAA-11CE21A42B5A}.Release|x64.Build.0 = Release|Any CPU
		{4E645A81-518F-441B-9CAE-030DCC8AC7F1}.Debug|Any CPU.ActiveCfg = Debug|Any CPU
		{4E645A81-518F-441B-9CAE-030DCC8AC7F1}.Debug|Any CPU.Build.0 = Debug|Any CPU
		{4E645A81-518F-441B-9CAE-030DCC8AC7F1}.Debug|x64.ActiveCfg = Debug|Any CPU
		{4E645A81-518F-441B-9CAE-030DCC8AC7F1}.Debug|x64.Build.0 = Debug|Any CPU
		{4E645A81-518F-441B-9CAE-030DCC8AC7F1}.Release|Any CPU.ActiveCfg = Release|Any CPU
		{4E645A81-518F-441B-9CAE-030DCC8AC7F1}.Release|Any CPU.Build.0 = Release|Any CPU
		{4E645A81-518F-441B-9CAE-030DCC8AC7F1}.Release|x64.ActiveCfg = Release|Any CPU
		{4E645A81-518F-441B-9CAE-030DCC8AC7F1}.Release|x64.Build.0 = Release|Any CPU
		{9E3A711E-12EB-40AF-8637-CAB28305425C}.Debug|Any CPU.ActiveCfg = Debug|Any CPU
		{9E3A711E-12EB-40AF-8637-CAB28305425C}.Debug|Any CPU.Build.0 = Debug|Any CPU
		{9E3A711E-12EB-40AF-8637-CAB28305425C}.Debug|x64.ActiveCfg = Debug|Any CPU
		{9E3A711E-12EB-40AF-8637-CAB28305425C}.Debug|x64.Build.0 = Debug|Any CPU
		{9E3A711E-12EB-40AF-8637-CAB28305425C}.Release|Any CPU.ActiveCfg = Release|Any CPU
		{9E3A711E-12EB-40AF-8637-CAB28305425C}.Release|Any CPU.Build.0 = Release|Any CPU
		{9E3A711E-12EB-40AF-8637-CAB28305425C}.Release|x64.ActiveCfg = Release|Any CPU
		{9E3A711E-12EB-40AF-8637-CAB28305425C}.Release|x64.Build.0 = Release|Any CPU
		{4355E33B-9822-4548-A27F-0D1B297ADB31}.Debug|Any CPU.ActiveCfg = Debug|Any CPU
		{4355E33B-9822-4548-A27F-0D1B297ADB31}.Debug|Any CPU.Build.0 = Debug|Any CPU
		{4355E33B-9822-4548-A27F-0D1B297ADB31}.Debug|x64.ActiveCfg = Debug|x64
		{4355E33B-9822-4548-A27F-0D1B297ADB31}.Debug|x64.Build.0 = Debug|x64
		{4355E33B-9822-4548-A27F-0D1B297ADB31}.Release|Any CPU.ActiveCfg = Release|Any CPU
		{4355E33B-9822-4548-A27F-0D1B297ADB31}.Release|Any CPU.Build.0 = Release|Any CPU
		{4355E33B-9822-4548-A27F-0D1B297ADB31}.Release|x64.ActiveCfg = Release|x64
		{4355E33B-9822-4548-A27F-0D1B297ADB31}.Release|x64.Build.0 = Release|x64
		{6EBA6FF4-834D-4077-AFB5-9214A49E96B3}.Debug|Any CPU.ActiveCfg = Debug|Any CPU
		{6EBA6FF4-834D-4077-AFB5-9214A49E96B3}.Debug|Any CPU.Build.0 = Debug|Any CPU
		{6EBA6FF4-834D-4077-AFB5-9214A49E96B3}.Debug|x64.ActiveCfg = Debug|x64
		{6EBA6FF4-834D-4077-AFB5-9214A49E96B3}.Debug|x64.Build.0 = Debug|x64
		{6EBA6FF4-834D-4077-AFB5-9214A49E96B3}.Release|Any CPU.ActiveCfg = Release|Any CPU
		{6EBA6FF4-834D-4077-AFB5-9214A49E96B3}.Release|Any CPU.Build.0 = Release|Any CPU
		{6EBA6FF4-834D-4077-AFB5-9214A49E96B3}.Release|x64.ActiveCfg = Release|x64
		{6EBA6FF4-834D-4077-AFB5-9214A49E96B3}.Release|x64.Build.0 = Release|x64
	EndGlobalSection
	GlobalSection(SolutionProperties) = preSolution
		HideSolutionNode = FALSE
	EndGlobalSection
	GlobalSection(ExtensibilityGlobals) = postSolution
		SolutionGuid = {228ADB21-AA45-4806-8A32-E34F85A13602}
	EndGlobalSection
EndGlobal
